# This file is autogenerated, do not edit; changes may be undone by the next 'dep ensure'.


[[projects]]
  name = "github.com/go-stack/stack"
  packages = ["."]
  revision = "2fee6af1a9795aafbe0253a0cfbdf668e1fb8a9a"
  version = "v1.8.0"

[[projects]]
  name = "github.com/golang/protobuf"
  packages = ["proto","protoc-gen-go/descriptor","ptypes","ptypes/any","ptypes/duration","ptypes/timestamp"]
  revision = "b5d812f8a3706043e23a9cd5babf2e5423744d30"
  version = "v1.3.1"

[[projects]]
  name = "github.com/golang/snappy"
  packages = ["."]
  revision = "2a8bb927dd31d8daada140a5d09578521ce5c36a"
  version = "v0.0.1"

[[projects]]
  branch = "master"
  name = "github.com/xdg/scram"
  packages = ["."]
  revision = "7eeb5667e42c09cb51bf7b7c28aea8c56767da90"

[[projects]]
  branch = "master"
  name = "github.com/xdg/stringprep"
  packages = ["."]
  revision = "73f8eece6fdcd902c185bf651de50f3828bed5ed"

[[projects]]
  name = "go.mongodb.org/mongo-driver"
  packages = ["bson","bson/bsoncodec","bson/bsonrw","bson/bsontype","bson/primitive","event","internal","mongo","mongo/options","mongo/readconcern","mongo/readpref","mongo/writeconcern","tag","version","x/bsonx","x/bsonx/bsoncore","x/mongo/driver","x/mongo/driver/auth","x/mongo/driver/auth/internal/gssapi","x/mongo/driver/session","x/mongo/driver/topology","x/mongo/driver/uuid","x/network/address","x/network/command","x/network/compressor","x/network/connection","x/network/connstring","x/network/description","x/network/result","x/network/wiremessage"]
  revision = "582ff343271e8893d785ff094855498c285bce0a"
  version = "v1.0.3"

[[projects]]
  branch = "master"
  name = "golang.org/x/crypto"
  packages = ["pbkdf2"]
  revision = "4def268fd1a49955bfb3dda92fe3db4f924f2285"

[[projects]]
  branch = "master"
  name = "golang.org/x/net"
  packages = ["context","http/httpguts","http2","http2/hpack","idna","internal/timeseries","trace"]
  revision = "da137c7871d730100384dbcf36e6f8fa493aef5b"

[[projects]]
  branch = "master"
  name = "golang.org/x/sync"
  packages = ["semaphore"]
  revision = "112230192c580c3556b8cee6403af37a4fc5f28c"

[[projects]]
  branch = "master"
  name = "golang.org/x/sys"
  packages = ["unix"]
  revision = "04f50cda93cbb67f2afa353c52f342100e80e625"

[[projects]]
  name = "golang.org/x/text"
  packages = ["collate","collate/build","internal/colltab","internal/gen","internal/language","internal/language/compact","internal/tag","internal/triegen","internal/ucd","language","secure/bidirule","transform","unicode/bidi","unicode/cldr","unicode/norm","unicode/rangetable"]
  revision = "342b2e1fbaa52c93f31447ad2c6abc048c63e475"
  version = "v0.3.2"

[[projects]]
  branch = "master"
  name = "google.golang.org/genproto"
  packages = ["googleapis/rpc/status"]
  revision = "710ae3a149df3775bfc2e9efb7f4fb97b186b233"

[[projects]]
  name = "google.golang.org/grpc"
  packages = [".","balancer","balancer/base","balancer/roundrobin","binarylog/grpc_binarylog_v1","codes","connectivity","credentials","credentials/internal","encoding","encoding/proto","grpclog","internal","internal/backoff","internal/balancerload","internal/binarylog","internal/channelz","internal/envconfig","internal/grpcrand","internal/grpcsync","internal/syscall","internal/transport","keepalive","metadata","naming","peer","reflection","reflection/grpc_reflection_v1alpha","resolver","resolver/dns","resolver/passthrough","serviceconfig","stats","status","tap"]
  revision = "1d89a3c832915b2314551c1d2a506874d62e53f7"
  version = "v1.22.0"

[solve-meta]
  analyzer-name = "dep"
  analyzer-version = 1
  inputs-digest = "dcf4ad139a2ac8f45622cb9207a771f52ddee3daee8f44d67225692fbf6b40bc"
  solver-name = "gps-cdcl"
  solver-version = 1
